<?xml version="1.0" encoding="utf-8"?>
<Project ToolsVersion="4.0" xmlns="http://schemas.microsoft.com/developer/msbuild/2003">
  <ItemGroup>
    <Filter Include="Source Files">
      <UniqueIdentifier>{4FC737F1-C7A5-4376-A066-2A32D752A2FF}</UniqueIdentifier>
      <Extensions>cpp;c;cc;cxx;def;odl;idl;hpj;bat;asm;asmx</Extensions>
    </Filter>
    <Filter Include="Header Files">
      <UniqueIdentifier>{93995380-89BD-4b04-88EB-625FBE52EBFB}</UniqueIdentifier>
      <Extensions>h;hh;hpp;hxx;hm;inl;inc;xsd</Extensions>
    </Filter>
    <Filter Include="Resource Files">
      <UniqueIdentifier>{67DA6AB6-F800-4c08-8B7A-83BB121AAD01}</UniqueIdentifier>
      <Extensions>rc;ico;cur;bmp;dlg;rc2;rct;bin;rgs;gif;jpg;jpeg;jpe;resx;tiff;tif;png;wav;mfcribbon-ms</Extensions>
    </Filter>
  </ItemGroup>
  <ItemGroup>
    <Text Include="ReadMe.txt" />
  </ItemGroup>
  <ItemGroup>
    <ClInclude Include="stdafx.h">
      <Filter>Header Files</Filter>
    </ClInclude>
    <ClInclude Include="targetver.h">
      <Filter>Header Files</Filter>
    </ClInclude>
    <ClInclude Include="MicronML.h">
      <Filter>Header Files</Filter>
    </ClInclude>
    <ClInclude Include="Procedure.h">
      <Filter>Header Files</Filter>
    </ClInclude>
    <ClInclude Include="Result.h">
      <Filter>Header Files</Filter>
    </ClInclude>
    <ClInclude Include="Data.h">
      <Filter>Header Files</Filter>
    </ClInclude>
    <ClInclude Include="MicronML_Parameters.h">
      <Filter>Header Files</Filter>
    </ClInclude>
    <ClInclude Include="MicronML_Exceptions.h">
      <Filter>Header Files</Filter>
    </ClInclude>
    <ClInclude Include="PDeepNeuralNetwork.h">
      <Filter>Header Files</Filter>
    </ClInclude>
    <ClInclude Include="PSimpleConvolution.h">
      <Filter>Header Files</Filter>
    </ClInclude>
    <ClInclude Include="PEdgeProfile.h">
      <Filter>Header Files</Filter>
    </ClInclude>
    <ClInclude Include="PHistogramOrientedGradient.h">
      <Filter>Header Files</Filter>
    </ClInclude>
    <ClInclude Include="PTensorFlow.h">
      <Filter>Header Files</Filter>
    </ClInclude>
    <ClInclude Include="PArticleSolution.h">
      <Filter>Header Files</Filter>
    </ClInclude>
    <ClInclude Include="PCurrentFix.h">
      <Filter>Header Files</Filter>
    </ClInclude>
    <ClInclude Include="PRecurrentNeuralNetwork.h">
      <Filter>Header Files</Filter>
    </ClInclude>
    <ClInclude Include="MicronML_Definitions.h">
      <Filter>Header Files</Filter>
    </ClInclude>
    <ClInclude Include="PSimpleConvolution_Definitions_Private.h">
      <Filter>Header Files</Filter>
    </ClInclude>
    <ClInclude Include="PEdgeProfile_Definitions_Private.h">
      <Filter>Header Files</Filter>
    </ClInclude>
    <ClInclude Include="MicronML_Events.h">
      <Filter>Header Files</Filter>
    </ClInclude>
    <ClInclude Include="MicronML_Types.h">
      <Filter>Header Files</Filter>
    </ClInclude>
    <ClInclude Include="ManagerInitializer.h">
      <Filter>Header Files</Filter>
    </ClInclude>
    <ClInclude Include="ExceptionManager.h">
      <Filter>Header Files</Filter>
    </ClInclude>
    <ClInclude Include="IOManager.h">
      <Filter>Header Files</Filter>
    </ClInclude>
  </ItemGroup>
  <ItemGroup>
    <ClCompile Include="stdafx.cpp">
      <Filter>Source Files</Filter>
    </ClCompile>
    <ClCompile Include="MicronML.cpp">
      <Filter>Source Files</Filter>
    </ClCompile>
    <ClCompile Include="dllmain.cpp">
      <Filter>Source Files</Filter>
    </ClCompile>
    <ClCompile Include="Procedure.cpp">
      <Filter>Source Files</Filter>
    </ClCompile>
    <ClCompile Include="Result.cpp">
      <Filter>Source Files</Filter>
    </ClCompile>
    <ClCompile Include="Data.cpp">
      <Filter>Source Files</Filter>
    </ClCompile>
    <ClCompile Include="ManagerInitializer.cpp">
      <Filter>Source Files</Filter>
    </ClCompile>
    <ClCompile Include="PDeepNeuralNetwork.cpp">
      <Filter>Source Files</Filter>
    </ClCompile>
    <ClCompile Include="PSimpleConvolution.cpp">
      <Filter>Source Files</Filter>
    </ClCompile>
    <ClCompile Include="PEdgeProfile.cpp">
      <Filter>Source Files</Filter>
    </ClCompile>
    <ClCompile Include="PHistogramOrientedGradient.cpp">
      <Filter>Source Files</Filter>
    </ClCompile>
    <ClCompile Include="PTensorFlow.cpp">
      <Filter>Source Files</Filter>
    </ClCompile>
    <ClCompile Include="PArticleSolution.cpp">
      <Filter>Source Files</Filter>
    </ClCompile>
    <ClCompile Include="PCurrentFix.cpp">
      <Filter>Source Files</Filter>
    </ClCompile>
    <ClCompile Include="PRecurrentNeuralNetwork.cpp">
      <Filter>Source Files</Filter>
    </ClCompile>
    <ClCompile Include="ExceptionManager.cpp">
      <Filter>Source Files</Filter>
    </ClCompile>
    <ClCompile Include="IOManager.cpp">
      <Filter>Source Files</Filter>
    </ClCompile>
  </ItemGroup>
</Project>